
Microsoft Visual Studio Solution File, Format Version 12.00
# Visual Studio Version 17
VisualStudioVersion = 17.11.35327.3
MinimumVisualStudioVersion = 10.0.40219.1
Project("{9A19103F-16F7-4668-BE54-9A1E7A4F7556}") = "Weatherpractice", "Weatherpractice.csproj", "{2B28E19C-5CEA-43ED-A35C-FA698C8D3984}"
EndProject
Global
	GlobalSection(SolutionConfigurationPlatforms) = preSolution
		Debug|Any CPU = Debug|Any CPU
		Release|Any CPU = Release|Any CPU
	EndGlobalSection
	GlobalSection(ProjectConfigurationPlatforms) = postSolution
		{2B28E19C-5CEA-43ED-A35C-FA698C8D3984}.Debug|Any CPU.ActiveCfg = Debug|Any CPU
		{2B28E19C-5CEA-43ED-A35C-FA698C8D3984}.Debug|Any CPU.Build.0 = Debug|Any CPU
		{2B28E19C-5CEA-43ED-A35C-FA698C8D3984}.Release|Any CPU.ActiveCfg = Release|Any CPU
		{2B28E19C-5CEA-43ED-A35C-FA698C8D3984}.Release|Any CPU.Build.0 = Release|Any CPU
	EndGlobalSection
	GlobalSection(SolutionProperties) = preSolution
		HideSolutionNode = FALSE
	EndGlobalSection
	GlobalSection(ExtensibilityGlobals) = postSolution
		SolutionGuid = {C6E2B1A4-8143-49F6-8789-A69E997AD5F8}
	EndGlobalSection
EndGlobal
